
Microsoft Visual Studio Solution File, Format Version 12.00
# Visual Studio 15
VisualStudioVersion = 15.0.28307.136
MinimumVisualStudioVersion = 10.0.40219.1
Project("{9A19103F-16F7-4668-BE54-9A1E7A4F7556}") = "Singleton", "Singleton\Singleton.csproj", "{EC788CA6-542E-4A44-926C-1FE2E42ADEEE}"
EndProject
Project("{9A19103F-16F7-4668-BE54-9A1E7A4F7556}") = "FactoryMethod", "FactoryMethod\FactoryMethod.csproj", "{D17B18C0-3465-4631-A5D7-F22B66F14ED9}"
EndProject
Project("{FAE04EC0-301F-11D3-BF4B-00C04F79EFBC}") = "AbstractFactory", "AbstractFactory\AbstractFactory.csproj", "{A038E691-09AA-4696-9E78-E69B0366130D}"
EndProject
Global
	GlobalSection(SolutionConfigurationPlatforms) = preSolution
		Debug|Any CPU = Debug|Any CPU
		Release|Any CPU = Release|Any CPU
	EndGlobalSection
	GlobalSection(ProjectConfigurationPlatforms) = postSolution
		{EC788CA6-542E-4A44-926C-1FE2E42ADEEE}.Debug|Any CPU.ActiveCfg = Debug|Any CPU
		{EC788CA6-542E-4A44-926C-1FE2E42ADEEE}.Debug|Any CPU.Build.0 = Debug|Any CPU
		{EC788CA6-542E-4A44-926C-1FE2E42ADEEE}.Release|Any CPU.ActiveCfg = Release|Any CPU
		{EC788CA6-542E-4A44-926C-1FE2E42ADEEE}.Release|Any CPU.Build.0 = Release|Any CPU
		{D17B18C0-3465-4631-A5D7-F22B66F14ED9}.Debug|Any CPU.ActiveCfg = Debug|Any CPU
		{D17B18C0-3465-4631-A5D7-F22B66F14ED9}.Debug|Any CPU.Build.0 = Debug|Any CPU
		{D17B18C0-3465-4631-A5D7-F22B66F14ED9}.Release|Any CPU.ActiveCfg = Release|Any CPU
		{D17B18C0-3465-4631-A5D7-F22B66F14ED9}.Release|Any CPU.Build.0 = Release|Any CPU
		{A038E691-09AA-4696-9E78-E69B0366130D}.Debug|Any CPU.ActiveCfg = Debug|Any CPU
		{A038E691-09AA-4696-9E78-E69B0366130D}.Debug|Any CPU.Build.0 = Debug|Any CPU
		{A038E691-09AA-4696-9E78-E69B0366130D}.Release|Any CPU.ActiveCfg = Release|Any CPU
		{A038E691-09AA-4696-9E78-E69B0366130D}.Release|Any CPU.Build.0 = Release|Any CPU
	EndGlobalSection
	GlobalSection(SolutionProperties) = preSolution
		HideSolutionNode = FALSE
	EndGlobalSection
	GlobalSection(ExtensibilityGlobals) = postSolution
		SolutionGuid = {B74B056E-84CB-4A5D-9151-0958263A5535}
	EndGlobalSection
EndGlobal
