
Microsoft Visual Studio Solution File, Format Version 12.00
# Visual Studio Version 16
VisualStudioVersion = 16.0.29306.81
MinimumVisualStudioVersion = 10.0.40219.1
Project("{9A19103F-16F7-4668-BE54-9A1E7A4F7556}") = "Singleton", "Singleton\Singleton.csproj", "{EC788CA6-542E-4A44-926C-1FE2E42ADEEE}"
EndProject
Project("{9A19103F-16F7-4668-BE54-9A1E7A4F7556}") = "FactoryMethod", "FactoryMethod\FactoryMethod.csproj", "{D17B18C0-3465-4631-A5D7-F22B66F14ED9}"
EndProject
Project("{9A19103F-16F7-4668-BE54-9A1E7A4F7556}") = "AbstractFactory", "AbstractFactory\AbstractFactory.csproj", "{A038E691-09AA-4696-9E78-E69B0366130D}"
EndProject
Project("{9A19103F-16F7-4668-BE54-9A1E7A4F7556}") = "Prototype", "Prototype\Prototype.csproj", "{A8E89D76-D6AF-4B6E-8E92-2B52E095240D}"
EndProject
Project("{9A19103F-16F7-4668-BE54-9A1E7A4F7556}") = "Builder", "Builder\Builder.csproj", "{E8AD31D2-3BE0-4104-A535-9CD6861922A5}"
EndProject
Project("{9A19103F-16F7-4668-BE54-9A1E7A4F7556}") = "Facade", "Facade\Facade.csproj", "{6DB68F80-D2A2-4B67-9B13-8667BB5C9CC1}"
EndProject
Project("{FAE04EC0-301F-11D3-BF4B-00C04F79EFBC}") = "Adapter", "Adapter\Adapter.csproj", "{DDAAD0C9-AB52-4EA4-8D14-B1C11CB3BA52}"
EndProject
Project("{FAE04EC0-301F-11D3-BF4B-00C04F79EFBC}") = "Composite", "Composite\Composite.csproj", "{46E07BAA-8D4A-40F8-8DD6-7B3CBCB8FF32}"
EndProject
Project("{FAE04EC0-301F-11D3-BF4B-00C04F79EFBC}") = "Proxy", "Proxy\Proxy.csproj", "{ABA30061-AFE5-47EC-9EE9-10B7C4AA94AB}"
EndProject
Global
	GlobalSection(SolutionConfigurationPlatforms) = preSolution
		Debug|Any CPU = Debug|Any CPU
		Release|Any CPU = Release|Any CPU
	EndGlobalSection
	GlobalSection(ProjectConfigurationPlatforms) = postSolution
		{EC788CA6-542E-4A44-926C-1FE2E42ADEEE}.Debug|Any CPU.ActiveCfg = Debug|Any CPU
		{EC788CA6-542E-4A44-926C-1FE2E42ADEEE}.Debug|Any CPU.Build.0 = Debug|Any CPU
		{EC788CA6-542E-4A44-926C-1FE2E42ADEEE}.Release|Any CPU.ActiveCfg = Release|Any CPU
		{EC788CA6-542E-4A44-926C-1FE2E42ADEEE}.Release|Any CPU.Build.0 = Release|Any CPU
		{D17B18C0-3465-4631-A5D7-F22B66F14ED9}.Debug|Any CPU.ActiveCfg = Debug|Any CPU
		{D17B18C0-3465-4631-A5D7-F22B66F14ED9}.Debug|Any CPU.Build.0 = Debug|Any CPU
		{D17B18C0-3465-4631-A5D7-F22B66F14ED9}.Release|Any CPU.ActiveCfg = Release|Any CPU
		{D17B18C0-3465-4631-A5D7-F22B66F14ED9}.Release|Any CPU.Build.0 = Release|Any CPU
		{A038E691-09AA-4696-9E78-E69B0366130D}.Debug|Any CPU.ActiveCfg = Debug|Any CPU
		{A038E691-09AA-4696-9E78-E69B0366130D}.Debug|Any CPU.Build.0 = Debug|Any CPU
		{A038E691-09AA-4696-9E78-E69B0366130D}.Release|Any CPU.ActiveCfg = Release|Any CPU
		{A038E691-09AA-4696-9E78-E69B0366130D}.Release|Any CPU.Build.0 = Release|Any CPU
		{A8E89D76-D6AF-4B6E-8E92-2B52E095240D}.Debug|Any CPU.ActiveCfg = Debug|Any CPU
		{A8E89D76-D6AF-4B6E-8E92-2B52E095240D}.Debug|Any CPU.Build.0 = Debug|Any CPU
		{A8E89D76-D6AF-4B6E-8E92-2B52E095240D}.Release|Any CPU.ActiveCfg = Release|Any CPU
		{A8E89D76-D6AF-4B6E-8E92-2B52E095240D}.Release|Any CPU.Build.0 = Release|Any CPU
		{E8AD31D2-3BE0-4104-A535-9CD6861922A5}.Debug|Any CPU.ActiveCfg = Debug|Any CPU
		{E8AD31D2-3BE0-4104-A535-9CD6861922A5}.Debug|Any CPU.Build.0 = Debug|Any CPU
		{E8AD31D2-3BE0-4104-A535-9CD6861922A5}.Release|Any CPU.ActiveCfg = Release|Any CPU
		{E8AD31D2-3BE0-4104-A535-9CD6861922A5}.Release|Any CPU.Build.0 = Release|Any CPU
		{6DB68F80-D2A2-4B67-9B13-8667BB5C9CC1}.Debug|Any CPU.ActiveCfg = Debug|Any CPU
		{6DB68F80-D2A2-4B67-9B13-8667BB5C9CC1}.Debug|Any CPU.Build.0 = Debug|Any CPU
		{6DB68F80-D2A2-4B67-9B13-8667BB5C9CC1}.Release|Any CPU.ActiveCfg = Release|Any CPU
		{6DB68F80-D2A2-4B67-9B13-8667BB5C9CC1}.Release|Any CPU.Build.0 = Release|Any CPU
		{DDAAD0C9-AB52-4EA4-8D14-B1C11CB3BA52}.Debug|Any CPU.ActiveCfg = Debug|Any CPU
		{DDAAD0C9-AB52-4EA4-8D14-B1C11CB3BA52}.Debug|Any CPU.Build.0 = Debug|Any CPU
		{DDAAD0C9-AB52-4EA4-8D14-B1C11CB3BA52}.Release|Any CPU.ActiveCfg = Release|Any CPU
		{DDAAD0C9-AB52-4EA4-8D14-B1C11CB3BA52}.Release|Any CPU.Build.0 = Release|Any CPU
		{46E07BAA-8D4A-40F8-8DD6-7B3CBCB8FF32}.Debug|Any CPU.ActiveCfg = Debug|Any CPU
		{46E07BAA-8D4A-40F8-8DD6-7B3CBCB8FF32}.Debug|Any CPU.Build.0 = Debug|Any CPU
		{46E07BAA-8D4A-40F8-8DD6-7B3CBCB8FF32}.Release|Any CPU.ActiveCfg = Release|Any CPU
		{46E07BAA-8D4A-40F8-8DD6-7B3CBCB8FF32}.Release|Any CPU.Build.0 = Release|Any CPU
		{ABA30061-AFE5-47EC-9EE9-10B7C4AA94AB}.Debug|Any CPU.ActiveCfg = Debug|Any CPU
		{ABA30061-AFE5-47EC-9EE9-10B7C4AA94AB}.Debug|Any CPU.Build.0 = Debug|Any CPU
		{ABA30061-AFE5-47EC-9EE9-10B7C4AA94AB}.Release|Any CPU.ActiveCfg = Release|Any CPU
		{ABA30061-AFE5-47EC-9EE9-10B7C4AA94AB}.Release|Any CPU.Build.0 = Release|Any CPU
	EndGlobalSection
	GlobalSection(SolutionProperties) = preSolution
		HideSolutionNode = FALSE
	EndGlobalSection
	GlobalSection(ExtensibilityGlobals) = postSolution
		SolutionGuid = {B74B056E-84CB-4A5D-9151-0958263A5535}
	EndGlobalSection
EndGlobal
